
Microsoft Visual Studio Solution File, Format Version 12.00
# Visual Studio Version 17
VisualStudioVersion = 17.9.34902.65
MinimumVisualStudioVersion = 10.0.40219.1
Project("{FAE04EC0-301F-11D3-BF4B-00C04F79EFBC}") = "PRN221.ClinicDental.Data", "PRN221.ClinicDental.Data\PRN221.ClinicDental.Data.csproj", "{0A78A352-306D-416A-9007-634BEE1C47D2}"
EndProject
Project("{FAE04EC0-301F-11D3-BF4B-00C04F79EFBC}") = "PRN221.ClinicDental.Business", "PRN221.ClinicDental.Business\PRN221.ClinicDental.Business.csproj", "{2A723EC5-FFF7-4852-A23D-D92505DBF91D}"
EndProject
Project("{FAE04EC0-301F-11D3-BF4B-00C04F79EFBC}") = "PRN221.ClinicDental.Presentation", "PRN221.ClinicDental.Presentation\PRN221.ClinicDental.Presentation.csproj", "{52F3DD5C-8268-412F-9F1A-FDAE051A966F}"
EndProject
Global
	GlobalSection(SolutionConfigurationPlatforms) = preSolution
		Debug|Any CPU = Debug|Any CPU
		Release|Any CPU = Release|Any CPU
	EndGlobalSection
	GlobalSection(ProjectConfigurationPlatforms) = postSolution
		{0A78A352-306D-416A-9007-634BEE1C47D2}.Debug|Any CPU.ActiveCfg = Debug|Any CPU
		{0A78A352-306D-416A-9007-634BEE1C47D2}.Debug|Any CPU.Build.0 = Debug|Any CPU
		{0A78A352-306D-416A-9007-634BEE1C47D2}.Release|Any CPU.ActiveCfg = Release|Any CPU
		{0A78A352-306D-416A-9007-634BEE1C47D2}.Release|Any CPU.Build.0 = Release|Any CPU
		{2A723EC5-FFF7-4852-A23D-D92505DBF91D}.Debug|Any CPU.ActiveCfg = Debug|Any CPU
		{2A723EC5-FFF7-4852-A23D-D92505DBF91D}.Debug|Any CPU.Build.0 = Debug|Any CPU
		{2A723EC5-FFF7-4852-A23D-D92505DBF91D}.Release|Any CPU.ActiveCfg = Release|Any CPU
		{2A723EC5-FFF7-4852-A23D-D92505DBF91D}.Release|Any CPU.Build.0 = Release|Any CPU
		{52F3DD5C-8268-412F-9F1A-FDAE051A966F}.Debug|Any CPU.ActiveCfg = Debug|Any CPU
		{52F3DD5C-8268-412F-9F1A-FDAE051A966F}.Debug|Any CPU.Build.0 = Debug|Any CPU
		{52F3DD5C-8268-412F-9F1A-FDAE051A966F}.Release|Any CPU.ActiveCfg = Release|Any CPU
		{52F3DD5C-8268-412F-9F1A-FDAE051A966F}.Release|Any CPU.Build.0 = Release|Any CPU
	EndGlobalSection
	GlobalSection(SolutionProperties) = preSolution
		HideSolutionNode = FALSE
	EndGlobalSection
	GlobalSection(ExtensibilityGlobals) = postSolution
		SolutionGuid = {800D33D4-2F7A-4AFA-90E0-942F94136452}
	EndGlobalSection
EndGlobal
